<?xml version="1.0" encoding="utf-8"?>
<Project ToolsVersion="4.0" xmlns="http://schemas.microsoft.com/developer/msbuild/2003">
  <ItemGroup>
    <Filter Include="Headers">
      <UniqueIdentifier>{a98aa338-fc55-407d-a85f-4604ae664577}</UniqueIdentifier>
    </Filter>
    <Filter Include="Source">
      <UniqueIdentifier>{dffc85f0-572a-4f04-a220-16276ab019ac}</UniqueIdentifier>
    </Filter>
    <Filter Include="Source\Input">
      <UniqueIdentifier>{71edf263-030c-410e-8ae4-d6f87d057183}</UniqueIdentifier>
    </Filter>
    <Filter Include="Headers\Input">
      <UniqueIdentifier>{452b3b77-1525-4b1a-ad7d-724c21e89511}</UniqueIdentifier>
    </Filter>
    <Filter Include="Headers\Window">
      <UniqueIdentifier>{62173923-a031-440b-ae93-d53a4dd83961}</UniqueIdentifier>
    </Filter>
    <Filter Include="Source\Window">
      <UniqueIdentifier>{dc98883f-69a6-40d0-8dee-920fbf8d9ed6}</UniqueIdentifier>
    </Filter>
    <Filter Include="Headers\Renderer">
      <UniqueIdentifier>{96456968-bfa8-43c5-b50f-46a16395e6b6}</UniqueIdentifier>
    </Filter>
    <Filter Include="Source\Renderer">
      <UniqueIdentifier>{3d6143f8-80f8-4efc-969b-48f0e4922f99}</UniqueIdentifier>
    </Filter>
    <Filter Include="Headers\Utils">
      <UniqueIdentifier>{62a9a381-c222-426c-b5fc-f5b7bc8b46c4}</UniqueIdentifier>
    </Filter>
    <Filter Include="Source\Core">
      <UniqueIdentifier>{578238f2-2759-44be-83a8-fc9e3dc4148f}</UniqueIdentifier>
    </Filter>
    <Filter Include="Headers\Core">
      <UniqueIdentifier>{413b8d17-0406-411a-9bfd-94e90caf4c40}</UniqueIdentifier>
    </Filter>
    <Filter Include="Resources">
      <UniqueIdentifier>{38c49d7e-7735-4629-8647-8941656162ce}</UniqueIdentifier>
    </Filter>
    <Filter Include="Source\Utils">
      <UniqueIdentifier>{aa6029ad-3a91-420a-8d9b-4ca2cde07c11}</UniqueIdentifier>
    </Filter>
  </ItemGroup>
  <ItemGroup>
    <ClCompile Include="src\Core\Application.cpp" />
    <ClCompile Include="src\Core\Timer.cpp" />
    <ClCompile Include="src\Models\PlaneGrid.cpp" />
    <ClCompile Include="src\Models\RoboticArm.cpp" />
    <ClCompile Include="src\Models\SceneNode.cpp" />
    <ClCompile Include="src\Renderer\GLRenderer.cpp" />
    <ClCompile Include="src\Utils\Logger.cpp" />
    <ClCompile Include="src\Utils\VertexLoader.cpp" />
    <ClCompile Include="src\Window\GLContext.cpp" />
    <ClCompile Include="src\Window\VideoMode.cpp" />
    <ClCompile Include="src\Window\Window.cpp" />
    <ClCompile Include="src\gl3w.c" />
    <ClCompile Include="src\Models\PlaneGrid.cpp" />
    <ClCompile Include="src\Models\RoboticArm.cpp" />
    <ClCompile Include="src\main.cpp" />
    <ClCompile Include="src\Models\TransformNode.cpp" />
    <ClCompile Include="src\Renderer\ShaderManager.cpp" />
    <ClCompile Include="src\Models\Sphere.cpp" />
    <ClCompile Include="src\Meshes\SphereMesh.cpp" />
    <ClCompile Include="src\OglWrapper\VertexBuffer.cpp" />
    <ClCompile Include="src\OglWrapper\VertexArray.cpp" />
    <ClCompile Include="src\OglWrapper\Texture.cpp" />
    <ClCompile Include="src\OglWrapper\ShaderProgram.cpp" />
    <ClCompile Include="src\OglWrapper\Shader.cpp" />
    <ClCompile Include="src\OglWrapper\FrameBuffer.cpp" />
    <ClCompile Include="src\OglWrapper\IndexBuffer.cpp" />
    <ClCompile Include="src\Meshes\PlaneMesh.cpp" />
    <ClCompile Include="src\Meshes\CubeMesh.cpp" />
    <ClCompile Include="src\OglWrapper\UniformBuffer.cpp" />
    <ClCompile Include="src\Materials\Material.cpp" />
    <ClCompile Include="src\Materials\PhongMaterial.cpp" />
    <ClCompile Include="src\Models\Cube.cpp" />
    <ClCompile Include="src\Models\Terrain.cpp" />
    <ClCompile Include="src\Input\Mouse.cpp" />
    <ClCompile Include="src\Input\Keyboard.cpp" />
    <ClCompile Include="src\Renderer\SceneManager.cpp" />
    <ClCompile Include="src\PostProcessing\RenderPass.cpp" />
    <ClCompile Include="src\Camera\AbstractCamera.cpp" />
    <ClCompile Include="src\Camera\CameraController.cpp" />
    <ClCompile Include="src\Camera\FreeCamera.cpp" />
    <ClCompile Include="src\Renderer\RenderComponent.cpp" />
    <ClCompile Include="src\Meshes\Mesh.cpp" />
    <ClCompile Include="src\Materials\HeightMapMaterial.cpp" />
    <ClCompile Include="src\Models\NewSphere.cpp" />
  </ItemGroup>
  <ItemGroup>
    <ClInclude Include="include\Core\Application.h" />
    <ClInclude Include="include\Core\Timer.h" />
    <ClInclude Include="include\GL\gl3w.h" />
    <ClInclude Include="include\GL\glcorearb.h" />
    <ClInclude Include="include\GL\wglext.h" />
    <ClInclude Include="include\Models\PlaneGrid.h" />
    <ClInclude Include="include\Models\IRenderable.h" />
    <ClInclude Include="include\Models\RoboticArm.h" />
    <ClInclude Include="include\Models\IRenderable.h" />
    <ClInclude Include="include\Models\PlaneGrid.h" />
    <ClInclude Include="include\Models\RoboticArm.h" />
    <ClInclude Include="include\Models\SceneNode.h" />
    <ClInclude Include="include\Renderer\GLRenderer.h" />
    <ClInclude Include="include\Utils\Logger.h" />
    <ClInclude Include="include\Utils\VertexLoader.h" />
    <ClInclude Include="include\Window\GLContext.h" />
    <ClInclude Include="include\Window\VideoMode.h" />
    <ClInclude Include="include\Window\Window.h" />
    <ClInclude Include="include\OpenGL.h" />
    <ClInclude Include="include\Models\TransformNode.h" />
    <ClInclude Include="include\Renderer\ShaderManager.h" />
    <ClInclude Include="include\Models\Sphere.h" />
    <ClInclude Include="include\Meshes\SphereMesh.h" />
    <ClInclude Include="include\OglWrapper\VertexBuffer.h" />
    <ClInclude Include="include\OglWrapper\VertexAttribute.h" />
    <ClInclude Include="include\OglWrapper\VertexArray.h" />
    <ClInclude Include="include\OglWrapper\Texture.h" />
    <ClInclude Include="include\OglWrapper\ShaderProgram.h" />
    <ClInclude Include="include\OglWrapper\Shader.h" />
    <ClInclude Include="include\OglWrapper\IndexBuffer.h" />
    <ClInclude Include="include\OglWrapper\FrameBuffer.h" />
    <ClInclude Include="include\Meshes\PlaneMesh.h" />
    <ClInclude Include="include\Meshes\CubeMesh.h" />
    <ClInclude Include="include\OglWrapper\UniformBuffer.h" />
    <ClInclude Include="include\Materials\Material.h" />
    <ClInclude Include="include\Materials\PhongMaterial.h" />
    <ClInclude Include="include\Models\Cube.h" />
    <ClInclude Include="include\OglWrapper\VertexStreams.h" />
    <ClInclude Include="include\Models\Terrain.h" />
    <ClInclude Include="include\Input\Event.h" />
    <ClInclude Include="include\Input\Keyboard.h" />
    <ClInclude Include="include\Input\Mouse.h" />
    <ClInclude Include="include\Renderer\SceneManager.h" />
    <ClInclude Include="include\PostProcessing\RenderPass.h" />
    <ClInclude Include="include\Camera\AbstractCamera.h" />
    <ClInclude Include="include\Camera\CameraController.h" />
    <ClInclude Include="include\Camera\FreeCamera.h" />
    <ClInclude Include="include\Camera\TargetCamera.h" />
    <ClInclude Include="include\Meshes\Mesh.h" />
    <ClInclude Include="include\Models\HeightMapMaterial.h" />
    <ClInclude Include="include\Renderer\RenderComponent.h" />
    <ClInclude Include="include\Materials\HeightMapMaterial.h" />
    <ClInclude Include="include\Models\NewSphere.h" />
    <ClInclude Include="include\Meshes\GridMesh.h" />
  </ItemGroup>
  <ItemGroup>
    <None Include="res\fxaa.frag" />
    <None Include="res\terrain.vert" />
    <None Include="res\terrain.frag" />
    <None Include="res\terrain.tese" />
    <None Include="res\terrain.tesc" />
    <None Include="res\phong.frag" />
    <None Include="res\phong.vert" />
    <None Include="res\pass_through.vert" />
    <None Include="res\terrain.geom" />
  </ItemGroup>
  <ItemGroup>
    <Text Include="res\RobotArmFaces.txt" />
    <Text Include="res\ShaderList.txt" />
    <Text Include="res\CubeMesh.txt" />
    <Text Include="res\ProgramList.txt" />
  </ItemGroup>
</Project>